{
  "requires": true,
  "lockfileVersion": 1,
  "dependencies": {
    "fuse.js": {
      "version": "3.4.2",
      "resolved": "https://registry.npmjs.org/fuse.js/-/fuse.js-3.4.2.tgz",
      "integrity": "sha512-WVbrm+cAxPtyMqdtL7cYhR7aZJPhtOfjNClPya8GKMVukKDYs7pEnPINeRVX1C9WmWgU8MdYGYbUPAP2AJXdoQ=="
    }
  }
}
